
Microsoft Visual Studio Solution File, Format Version 12.00
# Visual Studio 2012
Project("{D954291E-2A0B-460D-934E-DC6B0785DB48}") = "Sparky", "Sparky\Sparky.shproj", "{17162167-6797-4FAB-A153-CD743B57AA7D}"
EndProject
Project("{FAE04EC0-301F-11D3-BF4B-00C04F79EFBC}") = "Sparky.iOS", "iOS\Sparky.iOS.csproj", "{F79F2247-2E3E-4214-BE3D-4410DD96BCE4}"
EndProject
Project("{FAE04EC0-301F-11D3-BF4B-00C04F79EFBC}") = "Sparky.Droid", "Droid\Sparky.Droid.csproj", "{8D366807-7237-479E-858A-9E59DA638D0A}"
EndProject
Global
	GlobalSection(SolutionConfigurationPlatforms) = preSolution
		Debug|iPhoneSimulator = Debug|iPhoneSimulator
		Release|iPhone = Release|iPhone
		Release|iPhoneSimulator = Release|iPhoneSimulator
		Debug|iPhone = Debug|iPhone
		Debug|Any CPU = Debug|Any CPU
		Release|Any CPU = Release|Any CPU
	EndGlobalSection
	GlobalSection(ProjectConfigurationPlatforms) = postSolution
		{F79F2247-2E3E-4214-BE3D-4410DD96BCE4}.Debug|iPhoneSimulator.ActiveCfg = Debug|iPhoneSimulator
		{F79F2247-2E3E-4214-BE3D-4410DD96BCE4}.Debug|iPhoneSimulator.Build.0 = Debug|iPhoneSimulator
		{F79F2247-2E3E-4214-BE3D-4410DD96BCE4}.Release|iPhone.ActiveCfg = Release|iPhone
		{F79F2247-2E3E-4214-BE3D-4410DD96BCE4}.Release|iPhone.Build.0 = Release|iPhone
		{F79F2247-2E3E-4214-BE3D-4410DD96BCE4}.Release|iPhoneSimulator.ActiveCfg = Release|iPhoneSimulator
		{F79F2247-2E3E-4214-BE3D-4410DD96BCE4}.Release|iPhoneSimulator.Build.0 = Release|iPhoneSimulator
		{F79F2247-2E3E-4214-BE3D-4410DD96BCE4}.Debug|iPhone.ActiveCfg = Debug|iPhone
		{F79F2247-2E3E-4214-BE3D-4410DD96BCE4}.Debug|iPhone.Build.0 = Debug|iPhone
		{F79F2247-2E3E-4214-BE3D-4410DD96BCE4}.Debug|Any CPU.ActiveCfg = Debug|iPhoneSimulator
		{F79F2247-2E3E-4214-BE3D-4410DD96BCE4}.Debug|Any CPU.Build.0 = Debug|iPhoneSimulator
		{F79F2247-2E3E-4214-BE3D-4410DD96BCE4}.Release|Any CPU.ActiveCfg = Release|iPhone
		{F79F2247-2E3E-4214-BE3D-4410DD96BCE4}.Release|Any CPU.Build.0 = Release|iPhone
		{8D366807-7237-479E-858A-9E59DA638D0A}.Debug|iPhoneSimulator.ActiveCfg = Debug|Any CPU
		{8D366807-7237-479E-858A-9E59DA638D0A}.Debug|iPhoneSimulator.Build.0 = Debug|Any CPU
		{8D366807-7237-479E-858A-9E59DA638D0A}.Release|iPhone.ActiveCfg = Release|Any CPU
		{8D366807-7237-479E-858A-9E59DA638D0A}.Release|iPhone.Build.0 = Release|Any CPU
		{8D366807-7237-479E-858A-9E59DA638D0A}.Release|iPhoneSimulator.ActiveCfg = Release|Any CPU
		{8D366807-7237-479E-858A-9E59DA638D0A}.Release|iPhoneSimulator.Build.0 = Release|Any CPU
		{8D366807-7237-479E-858A-9E59DA638D0A}.Debug|iPhone.ActiveCfg = Debug|Any CPU
		{8D366807-7237-479E-858A-9E59DA638D0A}.Debug|iPhone.Build.0 = Debug|Any CPU
		{8D366807-7237-479E-858A-9E59DA638D0A}.Debug|Any CPU.ActiveCfg = Debug|Any CPU
		{8D366807-7237-479E-858A-9E59DA638D0A}.Debug|Any CPU.Build.0 = Debug|Any CPU
		{8D366807-7237-479E-858A-9E59DA638D0A}.Release|Any CPU.ActiveCfg = Release|Any CPU
		{8D366807-7237-479E-858A-9E59DA638D0A}.Release|Any CPU.Build.0 = Release|Any CPU
	EndGlobalSection
EndGlobal
